
Microsoft Visual Studio Solution File, Format Version 12.00
# Visual Studio 2013
VisualStudioVersion = 12.0.21005.1
MinimumVisualStudioVersion = 10.0.40219.1
Project("{FAE04EC0-301F-11D3-BF4B-00C04F79EFBC}") = "AnhderCompiler", "AnhderCompiler\AnhderCompiler.csproj", "{A304C109-B8AB-4D6C-81C6-868E8794B4C4}"
EndProject
Global
	GlobalSection(SolutionConfigurationPlatforms) = preSolution
		Debug|Any CPU = Debug|Any CPU
		Release|Any CPU = Release|Any CPU
	EndGlobalSection
	GlobalSection(ProjectConfigurationPlatforms) = postSolution
		{A304C109-B8AB-4D6C-81C6-868E8794B4C4}.Debug|Any CPU.ActiveCfg = Debug|Any CPU
		{A304C109-B8AB-4D6C-81C6-868E8794B4C4}.Debug|Any CPU.Build.0 = Debug|Any CPU
		{A304C109-B8AB-4D6C-81C6-868E8794B4C4}.Release|Any CPU.ActiveCfg = Release|Any CPU
		{A304C109-B8AB-4D6C-81C6-868E8794B4C4}.Release|Any CPU.Build.0 = Release|Any CPU
	EndGlobalSection
	GlobalSection(SolutionProperties) = preSolution
		HideSolutionNode = FALSE
	EndGlobalSection
EndGlobal
